PODS:
  - Flutter (1.0.0)
  - WechatOpenSDK (1.8.6)
  - wxbwechat (0.0.1):
    - Flutter
    - WechatOpenSDK (~> 1.8.5)

DEPENDENCIES:
  - Flutter (from `.symlinks/flutter/ios`)
  - wxbwechat (from `.symlinks/plugins/wxbwechat/ios`)

SPEC REPOS:
  trunk:
    - WechatOpenSDK

EXTERNAL SOURCES:
  Flutter:
    :path: ".symlinks/flutter/ios"
  wxbwechat:
    :path: ".symlinks/plugins/wxbwechat/ios"

SPEC CHECKSUMS:
  Flutter: 0e3d915762c693b495b44d77113d4970485de6ec
  WechatOpenSDK: 368ae03b72ee3ea1328c4f11326fbb5d2721d118
  wxbwechat: a4879bef9d8f2d01ca303031230d34d8bc975878

PODFILE CHECKSUM: e8988baac3a50f787b9d3ed7ca44957b442f92a7

COCOAPODS: 1.8.4
