PODS:
  - Flutter (1.0.0)
  - WechatOpenSDK (1.8.4)
  - wxbwechat (0.0.1):
    - Flutter
    - WechatOpenSDK

DEPENDENCIES:
  - Flutter (from `.symlinks/flutter/ios`)
  - wxbwechat (from `.symlinks/plugins/wxbwechat/ios`)

SPEC REPOS:
  https://github.com/cocoapods/specs.git:
    - WechatOpenSDK

EXTERNAL SOURCES:
  Flutter:
    :path: ".symlinks/flutter/ios"
  wxbwechat:
    :path: ".symlinks/plugins/wxbwechat/ios"

SPEC CHECKSUMS:
  Flutter: 58dd7d1b27887414a370fcccb9e645c08ffd7a6a
  WechatOpenSDK: 9b721089507c895d05f997408c30bb6e6f5f9b60
  wxbwechat: 8f0a148954fe8fa38b0cb3c7fc55c3055ab216a3

PODFILE CHECKSUM: e8988baac3a50f787b9d3ed7ca44957b442f92a7

COCOAPODS: 1.6.1
